
Microsoft Visual Studio Solution File, Format Version 12.00
# Visual Studio Version 17
VisualStudioVersion = 17.2.32602.215
MinimumVisualStudioVersion = 10.0.40219.1
Project("{FAE04EC0-301F-11D3-BF4B-00C04F79EFBC}") = "Project13-Barcode Generator", "Project13-Barcode Generator\Project13-Barcode Generator.csproj", "{357E479C-4C75-4155-A01F-FFB5CDD3F833}"
EndProject
Global
	GlobalSection(SolutionConfigurationPlatforms) = preSolution
		Debug|Any CPU = Debug|Any CPU
		Release|Any CPU = Release|Any CPU
	EndGlobalSection
	GlobalSection(ProjectConfigurationPlatforms) = postSolution
		{357E479C-4C75-4155-A01F-FFB5CDD3F833}.Debug|Any CPU.ActiveCfg = Debug|Any CPU
		{357E479C-4C75-4155-A01F-FFB5CDD3F833}.Debug|Any CPU.Build.0 = Debug|Any CPU
		{357E479C-4C75-4155-A01F-FFB5CDD3F833}.Release|Any CPU.ActiveCfg = Release|Any CPU
		{357E479C-4C75-4155-A01F-FFB5CDD3F833}.Release|Any CPU.Build.0 = Release|Any CPU
	EndGlobalSection
	GlobalSection(SolutionProperties) = preSolution
		HideSolutionNode = FALSE
	EndGlobalSection
	GlobalSection(ExtensibilityGlobals) = postSolution
		SolutionGuid = {B8A4AD27-E2D2-480F-B96D-CAA0EFD4FDA0}
	EndGlobalSection
EndGlobal
